
Microsoft Visual Studio Solution File, Format Version 12.00
# Visual Studio Version 16
VisualStudioVersion = 16.0.31005.135
MinimumVisualStudioVersion = 10.0.40219.1
Project("{FAE04EC0-301F-11D3-BF4B-00C04F79EFBC}") = "vnface", "vnface\vnface.csproj", "{22B53794-D220-4048-9558-24496B79686F}"
EndProject
Global
	GlobalSection(SolutionConfigurationPlatforms) = preSolution
		Debug|Any CPU = Debug|Any CPU
		Release|Any CPU = Release|Any CPU
	EndGlobalSection
	GlobalSection(ProjectConfigurationPlatforms) = postSolution
		{22B53794-D220-4048-9558-24496B79686F}.Debug|Any CPU.ActiveCfg = Debug|Any CPU
		{22B53794-D220-4048-9558-24496B79686F}.Debug|Any CPU.Build.0 = Debug|Any CPU
		{22B53794-D220-4048-9558-24496B79686F}.Release|Any CPU.ActiveCfg = Release|Any CPU
		{22B53794-D220-4048-9558-24496B79686F}.Release|Any CPU.Build.0 = Release|Any CPU
	EndGlobalSection
	GlobalSection(SolutionProperties) = preSolution
		HideSolutionNode = FALSE
	EndGlobalSection
	GlobalSection(ExtensibilityGlobals) = postSolution
		SolutionGuid = {EE6CB752-7296-4A78-B871-B7AB22E5F61F}
	EndGlobalSection
EndGlobal
